{
  "name": "activitytracker",
  "version": "1.0.0",
  "lockfileVersion": 1,
  "requires": true,
  "dependencies": {
    "tracker": {
      "version": "file:../tracker/tracker-0.1.2-B.tgz",
      "integrity": "sha512-4Y3JsWfKnK0GvQPY7XrSYZzKs6K+Z5sUzYohfpM6R81yXA/FLhS+adb2XIcm3wKIleYAUhEXn8Qw0v+jawCgwQ=="
    }
  }
}
