{
  "name": "activitytracker",
  "version": "1.0.0",
  "lockfileVersion": 1,
  "requires": true,
  "dependencies": {
    "tracker": {
      "version": "file:../tracker/tracker-0.1.2.tgz",
      "integrity": "sha512-/qpR2SOPx628Hw/bDhxXPeuk+oOgDsD17CoDpSEkTJNP2YbYrTq7qNMBoMA9fxqF95O5ru35z6ZS1JdJsc5C1A=="
    }
  }
}
